
Microsoft Visual Studio Solution File, Format Version 12.00
# Visual Studio 15
VisualStudioVersion = 15.0.28307.1145
MinimumVisualStudioVersion = 10.0.40219.1
Project("{F184B08F-C81C-45F6-A57F-5ABD9991F28F}") = "GroceryCheckoutApplication", "GroceryCheckoutApplication\GroceryCheckoutApplication.vbproj", "{BD1D64AC-455A-4EE8-B673-8CA605B1C191}"
EndProject
Global
	GlobalSection(SolutionConfigurationPlatforms) = preSolution
		Debug|Any CPU = Debug|Any CPU
		Release|Any CPU = Release|Any CPU
	EndGlobalSection
	GlobalSection(ProjectConfigurationPlatforms) = postSolution
		{BD1D64AC-455A-4EE8-B673-8CA605B1C191}.Debug|Any CPU.ActiveCfg = Debug|Any CPU
		{BD1D64AC-455A-4EE8-B673-8CA605B1C191}.Debug|Any CPU.Build.0 = Debug|Any CPU
		{BD1D64AC-455A-4EE8-B673-8CA605B1C191}.Release|Any CPU.ActiveCfg = Release|Any CPU
		{BD1D64AC-455A-4EE8-B673-8CA605B1C191}.Release|Any CPU.Build.0 = Release|Any CPU
	EndGlobalSection
	GlobalSection(SolutionProperties) = preSolution
		HideSolutionNode = FALSE
	EndGlobalSection
	GlobalSection(ExtensibilityGlobals) = postSolution
		SolutionGuid = {7D93D375-F26B-4778-B1E7-3948F75227F3}
	EndGlobalSection
EndGlobal
